
Microsoft Visual Studio Solution File, Format Version 12.00
# Visual Studio 15
VisualStudioVersion = 15.0.28307.705
MinimumVisualStudioVersion = 10.0.40219.1
Project("{888888A0-9F3D-457C-B088-3A5042F75D52}") = "私活网", "私活网\私活网.pyproj", "{805BF7C7-9913-484F-8DD1-A5A5896DAB02}"
EndProject
Global
	GlobalSection(SolutionConfigurationPlatforms) = preSolution
		Debug|Any CPU = Debug|Any CPU
		Release|Any CPU = Release|Any CPU
	EndGlobalSection
	GlobalSection(ProjectConfigurationPlatforms) = postSolution
		{805BF7C7-9913-484F-8DD1-A5A5896DAB02}.Debug|Any CPU.ActiveCfg = Debug|Any CPU
		{805BF7C7-9913-484F-8DD1-A5A5896DAB02}.Debug|Any CPU.Build.0 = Debug|Any CPU
		{805BF7C7-9913-484F-8DD1-A5A5896DAB02}.Release|Any CPU.ActiveCfg = Release|Any CPU
		{805BF7C7-9913-484F-8DD1-A5A5896DAB02}.Release|Any CPU.Build.0 = Release|Any CPU
	EndGlobalSection
	GlobalSection(SolutionProperties) = preSolution
		HideSolutionNode = FALSE
	EndGlobalSection
	GlobalSection(ExtensibilityGlobals) = postSolution
		SolutionGuid = {C4530575-FD3D-4F9C-BE64-F617A66F64DF}
	EndGlobalSection
EndGlobal
